
Microsoft Visual Studio Solution File, Format Version 12.00
# Visual Studio Version 17
VisualStudioVersion = 17.9.34723.18
MinimumVisualStudioVersion = 10.0.40219.1
Project("{FAE04EC0-301F-11D3-BF4B-00C04F79EFBC}") = "RadicalGamingForum", "RadicalGamingForum\RadicalGamingForum.csproj", "{005B50AF-985E-4B80-B384-30A4795ABA90}"
EndProject
Global
	GlobalSection(SolutionConfigurationPlatforms) = preSolution
		Debug|Any CPU = Debug|Any CPU
		Release|Any CPU = Release|Any CPU
	EndGlobalSection
	GlobalSection(ProjectConfigurationPlatforms) = postSolution
		{005B50AF-985E-4B80-B384-30A4795ABA90}.Debug|Any CPU.ActiveCfg = Debug|Any CPU
		{005B50AF-985E-4B80-B384-30A4795ABA90}.Debug|Any CPU.Build.0 = Debug|Any CPU
		{005B50AF-985E-4B80-B384-30A4795ABA90}.Release|Any CPU.ActiveCfg = Release|Any CPU
		{005B50AF-985E-4B80-B384-30A4795ABA90}.Release|Any CPU.Build.0 = Release|Any CPU
	EndGlobalSection
	GlobalSection(SolutionProperties) = preSolution
		HideSolutionNode = FALSE
	EndGlobalSection
	GlobalSection(ExtensibilityGlobals) = postSolution
		SolutionGuid = {731DC7F5-00CD-4EDE-98BE-D2EA50FC0238}
	EndGlobalSection
EndGlobal
